
Microsoft Visual Studio Solution File, Format Version 12.00
# Visual Studio Version 17
VisualStudioVersion = 17.7.34202.233
MinimumVisualStudioVersion = 10.0.40219.1
Project("{FAE04EC0-301F-11D3-BF4B-00C04F79EFBC}") = "HarshaBank.Presentation", "HarshaBank.Presentation\HarshaBank.Presentation.csproj", "{4D67EED1-7324-4F96-AAF7-FA02064FEF5A}"
EndProject
Global
	GlobalSection(SolutionConfigurationPlatforms) = preSolution
		Debug|Any CPU = Debug|Any CPU
		Release|Any CPU = Release|Any CPU
	EndGlobalSection
	GlobalSection(ProjectConfigurationPlatforms) = postSolution
		{4D67EED1-7324-4F96-AAF7-FA02064FEF5A}.Debug|Any CPU.ActiveCfg = Debug|Any CPU
		{4D67EED1-7324-4F96-AAF7-FA02064FEF5A}.Debug|Any CPU.Build.0 = Debug|Any CPU
		{4D67EED1-7324-4F96-AAF7-FA02064FEF5A}.Release|Any CPU.ActiveCfg = Release|Any CPU
		{4D67EED1-7324-4F96-AAF7-FA02064FEF5A}.Release|Any CPU.Build.0 = Release|Any CPU
	EndGlobalSection
	GlobalSection(SolutionProperties) = preSolution
		HideSolutionNode = FALSE
	EndGlobalSection
	GlobalSection(ExtensibilityGlobals) = postSolution
		SolutionGuid = {B967D894-A180-45D4-9753-323A69FF3D2E}
	EndGlobalSection
EndGlobal
